{
    "_readme": [
        "This file locks the dependencies of your project to a known state",
        "Read more about it at https://getcomposer.org/doc/01-basic-usage.md#installing-dependencies",
        "This file is @generated automatically"
    ],
    "content-hash": "d260b6b8f9544a42b8105650b5bd53e0",
    "packages": [
        {
            "name": "boxuk/wp-muplugin-loader",
            "version": "1.6.1",
            "source": {
                "type": "git",
                "url": "https://github.com/boxuk/wp-muplugin-loader.git",
                "reference": "e7f03177f42e016e18e30168bf3a936000e77ed1"
            },
            "dist": {
                "type": "zip",
                "url": "https://api.github.com/repos/boxuk/wp-muplugin-loader/zipball/e7f03177f42e016e18e30168bf3a936000e77ed1",
                "reference": "e7f03177f42e016e18e30168bf3a936000e77ed1",
                "shasum": ""
            },
            "require": {
                "composer-plugin-api": "^1.0 || ^2.0",
                "php": "^7.3 || ^8.0"
            },
            "require-dev": {
                "10up/wp_mock": "^0.4",
                "composer/composer": "^1.10 || ^2.0",
                "mockery/mockery": "~1.3",
                "phpunit/phpunit": "^9"
            },
            "type": "composer-plugin",
            "extra": {
                "class": "LkWdwrd\\Composer\\MULoaderPlugin"
            },
            "autoload": {
                "psr-4": {
                    "LkWdwrd\\Composer\\": "src/lkwdwrd/Composer"
                }
            },
            "notification-url": "https://packagist.org/downloads/",
            "license": [
                "MIT"
            ],
            "authors": [
                {
                    "name": "Box UK",
                    "email": "developers@boxuk.com"
                },
                {
                    "name": "Luke Woodward",
                    "email": "woodward.lucas@gmail.com"
                }
            ],
            "description": "A drop-in MU Plugin loader for WordPress",
            "keywords": [
                "loader",
                "muplugin",
                "wordpress"
            ],
            "support": {
                "issues": "https://github.com/boxuk/wp-muplugin-loader/issues",
                "source": "https://github.com/boxuk/wp-muplugin-loader/tree/1.6.1"
            },
            "time": "2021-12-01T17:08:36+00:00"
        },
        {
            "name": "composer/installers",
            "version": "v1.12.0",
            "source": {
                "type": "git",
                "url": "https://github.com/composer/installers.git",
                "reference": "d20a64ed3c94748397ff5973488761b22f6d3f19"
            },
            "dist": {
                "type": "zip",
                "url": "https://api.github.com/repos/composer/installers/zipball/d20a64ed3c94748397ff5973488761b22f6d3f19",
                "reference": "d20a64ed3c94748397ff5973488761b22f6d3f19",
                "shasum": ""
            },
            "require": {
                "composer-plugin-api": "^1.0 || ^2.0"
            },
            "replace": {
                "roundcube/plugin-installer": "*",
                "shama/baton": "*"
            },
            "require-dev": {
                "composer/composer": "1.6.* || ^2.0",
                "composer/semver": "^1 || ^3",
                "phpstan/phpstan": "^0.12.55",
                "phpstan/phpstan-phpunit": "^0.12.16",
                "symfony/phpunit-bridge": "^4.2 || ^5",
                "symfony/process": "^2.3"
            },
            "type": "composer-plugin",
            "extra": {
                "class": "Composer\\Installers\\Plugin",
                "branch-alias": {
                    "dev-main": "1.x-dev"
                }
            },
            "autoload": {
                "psr-4": {
                    "Composer\\Installers\\": "src/Composer/Installers"
                }
            },
            "notification-url": "https://packagist.org/downloads/",
            "license": [
                "MIT"
            ],
            "authors": [
                {
                    "name": "Kyle Robinson Young",
                    "email": "kyle@dontkry.com",
                    "homepage": "https://github.com/shama"
                }
            ],
            "description": "A multi-framework Composer library installer",
            "homepage": "https://composer.github.io/installers/",
            "keywords": [
                "Craft",
                "Dolibarr",
                "Eliasis",
                "Hurad",
                "ImageCMS",
                "Kanboard",
                "Lan Management System",
                "MODX Evo",
                "MantisBT",
                "Mautic",
                "Maya",
                "OXID",
                "Plentymarkets",
                "Porto",
                "RadPHP",
                "SMF",
                "Starbug",
                "Thelia",
                "Whmcs",
                "WolfCMS",
                "agl",
                "aimeos",
                "annotatecms",
                "attogram",
                "bitrix",
                "cakephp",
                "chef",
                "cockpit",
                "codeigniter",
                "concrete5",
                "croogo",
                "dokuwiki",
                "drupal",
                "eZ Platform",
                "elgg",
                "expressionengine",
                "fuelphp",
                "grav",
                "installer",
                "itop",
                "joomla",
                "known",
                "kohana",
                "laravel",
                "lavalite",
                "lithium",
                "magento",
                "majima",
                "mako",
                "mediawiki",
                "miaoxing",
                "modulework",
                "modx",
                "moodle",
                "osclass",
                "pantheon",
                "phpbb",
                "piwik",
                "ppi",
                "processwire",
                "puppet",
                "pxcms",
                "reindex",
                "roundcube",
                "shopware",
                "silverstripe",
                "sydes",
                "sylius",
                "symfony",
                "tastyigniter",
                "typo3",
                "wordpress",
                "yawik",
                "zend",
                "zikula"
            ],
            "support": {
                "issues": "https://github.com/composer/installers/issues",
                "source": "https://github.com/composer/installers/tree/v1.12.0"
            },
            "funding": [
                {
                    "url": "https://packagist.com",
                    "type": "custom"
                },
                {
                    "url": "https://github.com/composer",
                    "type": "github"
                },
                {
                    "url": "https://tidelift.com/funding/github/packagist/composer/composer",
                    "type": "tidelift"
                }
            ],
            "time": "2021-09-13T08:19:44+00:00"
        },
        {
            "name": "graham-campbell/result-type",
            "version": "v1.0.4",
            "source": {
                "type": "git",
                "url": "https://github.com/GrahamCampbell/Result-Type.git",
                "reference": "0690bde05318336c7221785f2a932467f98b64ca"
            },
            "dist": {
                "type": "zip",
                "url": "https://api.github.com/repos/GrahamCampbell/Result-Type/zipball/0690bde05318336c7221785f2a932467f98b64ca",
                "reference": "0690bde05318336c7221785f2a932467f98b64ca",
                "shasum": ""
            },
            "require": {
                "php": "^7.0 || ^8.0",
                "phpoption/phpoption": "^1.8"
            },
            "require-dev": {
                "phpunit/phpunit": "^6.5.14 || ^7.5.20 || ^8.5.19 || ^9.5.8"
            },
            "type": "library",
            "autoload": {
                "psr-4": {
                    "GrahamCampbell\\ResultType\\": "src/"
                }
            },
            "notification-url": "https://packagist.org/downloads/",
            "license": [
                "MIT"
            ],
            "authors": [
                {
                    "name": "Graham Campbell",
                    "email": "hello@gjcampbell.co.uk",
                    "homepage": "https://github.com/GrahamCampbell"
                }
            ],
            "description": "An Implementation Of The Result Type",
            "keywords": [
                "Graham Campbell",
                "GrahamCampbell",
                "Result Type",
                "Result-Type",
                "result"
            ],
            "support": {
                "issues": "https://github.com/GrahamCampbell/Result-Type/issues",
                "source": "https://github.com/GrahamCampbell/Result-Type/tree/v1.0.4"
            },
            "funding": [
                {
                    "url": "https://github.com/GrahamCampbell",
                    "type": "github"
                },
                {
                    "url": "https://tidelift.com/funding/github/packagist/graham-campbell/result-type",
                    "type": "tidelift"
                }
            ],
            "time": "2021-11-21T21:41:47+00:00"
        },
        {
            "name": "johnbillion/args",
            "version": "0.9.0",
            "source": {
                "type": "git",
                "url": "https://github.com/johnbillion/args.git",
                "reference": "a1a3feb05cc9fc3914ed96eeab009259aea326c1"
            },
            "dist": {
                "type": "zip",
                "url": "https://api.github.com/repos/johnbillion/args/zipball/a1a3feb05cc9fc3914ed96eeab009259aea326c1",
                "reference": "a1a3feb05cc9fc3914ed96eeab009259aea326c1",
                "shasum": ""
            },
            "require": {
                "php": ">=7.4"
            },
            "require-dev": {
                "humanmade/coding-standards": "^1.1",
                "johnbillion/falsey-assertequals-detector": "^3",
                "phpdocumentor/reflection": "~4.0",
                "phpstan/phpstan": "^1.0",
                "phpstan/phpstan-phpunit": "^1.0",
                "phpunit/phpunit": "^9.0",
                "roots/wordpress": "^5.7.0"
            },
            "type": "library",
            "extra": {
                "wordpress-install-dir": "vendor/wordpress/wordpress"
            },
            "autoload": {
                "psr-4": {
                    "Args\\": "src/"
                }
            },
            "notification-url": "https://packagist.org/downloads/",
            "license": [
                "GPL-2.0+"
            ],
            "authors": [
                {
                    "name": "John Blackbourn",
                    "homepage": "https://johnblackbourn.com/"
                }
            ],
            "description": "I don't want to get into an argument about this.",
            "support": {
                "issues": "https://github.com/johnbillion/args/issues",
                "source": "https://github.com/johnbillion/args/tree/0.9.0"
            },
            "funding": [
                {
                    "url": "https://github.com/sponsors/johnbillion",
                    "type": "github"
                }
            ],
            "time": "2021-12-18T21:21:14+00:00"
        },
        {
            "name": "johnbillion/extended-cpts",
            "version": "5.0.0",
            "source": {
                "type": "git",
                "url": "https://github.com/johnbillion/extended-cpts.git",
                "reference": "fded84c6aa241405e73f43f74f869685b61a396d"
            },
            "dist": {
                "type": "zip",
                "url": "https://api.github.com/repos/johnbillion/extended-cpts/zipball/fded84c6aa241405e73f43f74f869685b61a396d",
                "reference": "fded84c6aa241405e73f43f74f869685b61a396d",
                "shasum": ""
            },
            "require": {
                "johnbillion/args": "^0.9.0",
                "php": ">= 7.4.0"
            },
            "require-dev": {
                "automattic/phpcs-neutron-standard": "1.7.0",
                "cweagans/composer-patches": "^1.7",
                "dealerdirect/phpcodesniffer-composer-installer": "^0.7",
                "johnbillion/falsey-assertequals-detector": "*",
                "lucatume/wp-browser": "^3.0",
                "phpcompatibility/phpcompatibility-wp": "^2",
                "phpstan/phpstan": "^1.0",
                "phpstan/phpstan-phpunit": "^1.0",
                "phpunit/phpunit": "^9",
                "roots/wordpress": "^5.8.0",
                "szepeviktor/phpstan-wordpress": "^1.0",
                "vlucas/phpdotenv": "^3",
                "wp-cli/core-command": "^2",
                "wp-cli/db-command": "^2",
                "wp-coding-standards/wpcs": "2.3.0"
            },
            "suggest": {
                "seravo/wp-custom-bulk-actions": "Custom Bulk Actions",
                "wpackagist-plugin/rewrite-testing": "Rewrite Rule Testing"
            },
            "type": "library",
            "extra": {
                "branch-alias": {
                    "dev-develop": "5.0-dev"
                },
                "patches": {
                    "lucatume/wp-browser": {
                        "https://github.com/lucatume/wp-browser/issues/554": "tests/patches/wp-browser-554.patch"
                    }
                },
                "wordpress-install-dir": "tests/wordpress"
            },
            "autoload": {
                "psr-4": {
                    "ExtCPTs\\": "src",
                    "ExtCPTs\\Tests\\": "tests/integration"
                },
                "files": [
                    "functions.php"
                ]
            },
            "notification-url": "https://packagist.org/downloads/",
            "license": [
                "GPL-2.0+"
            ],
            "authors": [
                {
                    "name": "John Blackbourn",
                    "homepage": "https://johnblackbourn.com/"
                }
            ],
            "description": "A library which provides extended functionality to WordPress custom post types and taxonomies.",
            "homepage": "https://github.com/johnbillion/extended-cpts/",
            "support": {
                "issues": "https://github.com/johnbillion/extended-cpts/issues",
                "source": "https://github.com/johnbillion/extended-cpts/tree/5.0.0"
            },
            "funding": [
                {
                    "url": "https://github.com/johnbillion",
                    "type": "github"
                }
            ],
            "time": "2022-01-20T22:14:29+00:00"
        },
        {
            "name": "johnpbloch/wordpress",
            "version": "5.9.0",
            "source": {
                "type": "git",
                "url": "https://github.com/johnpbloch/wordpress.git",
                "reference": "6ada7243daf56881a1a09b5fbba60b993e38fa74"
            },
            "dist": {
                "type": "zip",
                "url": "https://api.github.com/repos/johnpbloch/wordpress/zipball/6ada7243daf56881a1a09b5fbba60b993e38fa74",
                "reference": "6ada7243daf56881a1a09b5fbba60b993e38fa74",
                "shasum": ""
            },
            "require": {
                "johnpbloch/wordpress-core": "5.9.0",
                "johnpbloch/wordpress-core-installer": "^1.0 || ^2.0",
                "php": ">=5.6.20"
            },
            "type": "package",
            "notification-url": "https://packagist.org/downloads/",
            "license": [
                "GPL-2.0+"
            ],
            "authors": [
                {
                    "name": "WordPress Community",
                    "homepage": "http://wordpress.org/about/"
                }
            ],
            "description": "WordPress is open source software you can use to create a beautiful website, blog, or app.",
            "homepage": "http://wordpress.org/",
            "keywords": [
                "blog",
                "cms",
                "wordpress"
            ],
            "support": {
                "forum": "http://wordpress.org/support/",
                "irc": "irc://irc.freenode.net/wordpress",
                "issues": "http://core.trac.wordpress.org/",
                "source": "http://core.trac.wordpress.org/browser",
                "wiki": "http://codex.wordpress.org/"
            },
            "time": "2022-01-25T20:11:11+00:00"
        },
        {
            "name": "johnpbloch/wordpress-core",
            "version": "5.9.0",
            "source": {
                "type": "git",
                "url": "https://github.com/johnpbloch/wordpress-core.git",
                "reference": "51241ed9138dd1fb552f6b85fc2025e6135fc03f"
            },
            "dist": {
                "type": "zip",
                "url": "https://api.github.com/repos/johnpbloch/wordpress-core/zipball/51241ed9138dd1fb552f6b85fc2025e6135fc03f",
                "reference": "51241ed9138dd1fb552f6b85fc2025e6135fc03f",
                "shasum": ""
            },
            "require": {
                "ext-json": "*",
                "php": ">=5.6.20"
            },
            "provide": {
                "wordpress/core-implementation": "5.9.0"
            },
            "type": "wordpress-core",
            "notification-url": "https://packagist.org/downloads/",
            "license": [
                "GPL-2.0-or-later"
            ],
            "authors": [
                {
                    "name": "WordPress Community",
                    "homepage": "https://wordpress.org/about/"
                }
            ],
            "description": "WordPress is open source software you can use to create a beautiful website, blog, or app.",
            "homepage": "https://wordpress.org/",
            "keywords": [
                "blog",
                "cms",
                "wordpress"
            ],
            "support": {
                "forum": "https://wordpress.org/support/",
                "irc": "irc://irc.freenode.net/wordpress",
                "issues": "https://core.trac.wordpress.org/",
                "source": "https://core.trac.wordpress.org/browser",
                "wiki": "https://codex.wordpress.org/"
            },
            "time": "2022-01-25T20:28:49+00:00"
        },
        {
            "name": "johnpbloch/wordpress-core-installer",
            "version": "2.0.0",
            "source": {
                "type": "git",
                "url": "https://github.com/johnpbloch/wordpress-core-installer.git",
                "reference": "237faae9a60a4a2e1d45dce1a5836ffa616de63e"
            },
            "dist": {
                "type": "zip",
                "url": "https://api.github.com/repos/johnpbloch/wordpress-core-installer/zipball/237faae9a60a4a2e1d45dce1a5836ffa616de63e",
                "reference": "237faae9a60a4a2e1d45dce1a5836ffa616de63e",
                "shasum": ""
            },
            "require": {
                "composer-plugin-api": "^1.0 || ^2.0",
                "php": ">=5.6.0"
            },
            "conflict": {
                "composer/installers": "<1.0.6"
            },
            "require-dev": {
                "composer/composer": "^1.0 || ^2.0",
                "phpunit/phpunit": ">=5.7.27"
            },
            "type": "composer-plugin",
            "extra": {
                "class": "johnpbloch\\Composer\\WordPressCorePlugin"
            },
            "autoload": {
                "psr-0": {
                    "johnpbloch\\Composer\\": "src/"
                }
            },
            "notification-url": "https://packagist.org/downloads/",
            "license": [
                "GPL-2.0-or-later"
            ],
            "authors": [
                {
                    "name": "John P. Bloch",
                    "email": "me@johnpbloch.com"
                }
            ],
            "description": "A custom installer to handle deploying WordPress with composer",
            "keywords": [
                "wordpress"
            ],
            "support": {
                "issues": "https://github.com/johnpbloch/wordpress-core-installer/issues",
                "source": "https://github.com/johnpbloch/wordpress-core-installer/tree/master"
            },
            "time": "2020-04-16T21:44:57+00:00"
        },
        {
            "name": "lowgravitypl/raccoonwp-core",
            "version": "2.7.0",
            "source": {
                "type": "git",
                "url": "https://github.com/LowGravityPL/RaccoonWP-Core.git",
                "reference": "e1ad8ff8b015accc371e01218d4cdf6769bd3c3c"
            },
            "dist": {
                "type": "zip",
                "url": "https://api.github.com/repos/LowGravityPL/RaccoonWP-Core/zipball/e1ad8ff8b015accc371e01218d4cdf6769bd3c3c",
                "reference": "e1ad8ff8b015accc371e01218d4cdf6769bd3c3c",
                "shasum": ""
            },
            "require": {
                "php": "^7.4",
                "vlucas/phpdotenv": "^5.4"
            },
            "type": "library",
            "autoload": {
                "psr-4": {
                    "RaccoonWP\\": "src/"
                }
            },
            "notification-url": "https://packagist.org/downloads/",
            "license": [
                "MIT"
            ],
            "authors": [
                {
                    "name": "Kamil Grzegorczyk",
                    "email": "kamilgrzegorczyk@gmail.com",
                    "homepage": "https://kamilgrzegorczyk.com"
                },
                {
                    "name": "Lucas Grzegorczyk",
                    "email": "lucasgrzegorczyk@gmail.com"
                },
                {
                    "name": "Matthew Grzegorczyk",
                    "email": "matthewgrzegorczyk@gmail.com",
                    "homepage": "https://matthew.grzegorczyk.me"
                }
            ],
            "description": "RaccoonWP is an opinionated WordPress architecture stack and starter theme",
            "keywords": [
                "boilerplate",
                "composer",
                "raccoon",
                "stack",
                "wordpress"
            ],
            "support": {
                "issues": "https://github.com/LowGravityPL/RaccoonWP-Core/issues",
                "source": "https://github.com/LowGravityPL/RaccoonWP-Core/tree/2.7.0"
            },
            "time": "2022-01-31T09:25:58+00:00"
        },
        {
            "name": "lowgravitypl/raccoonwp-mu-framework",
            "version": "2.3.0",
            "source": {
                "type": "git",
                "url": "https://github.com/LowGravityPL/RaccoonWP-MU-Framework.git",
                "reference": "be80d8d7aa918a6b0090a2fa974413aae9d762f6"
            },
            "dist": {
                "type": "zip",
                "url": "https://api.github.com/repos/LowGravityPL/RaccoonWP-MU-Framework/zipball/be80d8d7aa918a6b0090a2fa974413aae9d762f6",
                "reference": "be80d8d7aa918a6b0090a2fa974413aae9d762f6",
                "shasum": ""
            },
            "require": {
                "php": "^7.4"
            },
            "type": "wordpress-muplugin",
            "notification-url": "https://packagist.org/downloads/",
            "license": [
                "MIT"
            ],
            "authors": [
                {
                    "name": "Kamil Grzegorczyk",
                    "email": "kamilgrzegorczyk@gmail.com",
                    "homepage": "https://kamilgrzegorczyk.com"
                },
                {
                    "name": "Lucas Grzegorczyk",
                    "email": "lucasgrzegorczyk@gmail.com"
                },
                {
                    "name": "Matthew Grzegorczyk",
                    "email": "matthewgrzegorczyk@gmail.com",
                    "homepage": "https://matthew.grzegorczyk.me"
                }
            ],
            "description": "RaccoonWP is an opinionated WordPress architecture stack and starter theme",
            "keywords": [
                "boilerplate",
                "composer",
                "raccoon",
                "stack",
                "wordpress"
            ],
            "support": {
                "issues": "https://github.com/LowGravityPL/RaccoonWP-MU-Framework/issues",
                "source": "https://github.com/LowGravityPL/RaccoonWP-MU-Framework/tree/2.3.0"
            },
            "time": "2022-01-31T09:26:22+00:00"
        },
        {
            "name": "phpoption/phpoption",
            "version": "1.8.1",
            "source": {
                "type": "git",
                "url": "https://github.com/schmittjoh/php-option.git",
                "reference": "eab7a0df01fe2344d172bff4cd6dbd3f8b84ad15"
            },
            "dist": {
                "type": "zip",
                "url": "https://api.github.com/repos/schmittjoh/php-option/zipball/eab7a0df01fe2344d172bff4cd6dbd3f8b84ad15",
                "reference": "eab7a0df01fe2344d172bff4cd6dbd3f8b84ad15",
                "shasum": ""
            },
            "require": {
                "php": "^7.0 || ^8.0"
            },
            "require-dev": {
                "bamarni/composer-bin-plugin": "^1.4.1",
                "phpunit/phpunit": "^6.5.14 || ^7.5.20 || ^8.5.19 || ^9.5.8"
            },
            "type": "library",
            "extra": {
                "branch-alias": {
                    "dev-master": "1.8-dev"
                }
            },
            "autoload": {
                "psr-4": {
                    "PhpOption\\": "src/PhpOption/"
                }
            },
            "notification-url": "https://packagist.org/downloads/",
            "license": [
                "Apache-2.0"
            ],
            "authors": [
                {
                    "name": "Johannes M. Schmitt",
                    "email": "schmittjoh@gmail.com",
                    "homepage": "https://github.com/schmittjoh"
                },
                {
                    "name": "Graham Campbell",
                    "email": "hello@gjcampbell.co.uk",
                    "homepage": "https://github.com/GrahamCampbell"
                }
            ],
            "description": "Option Type for PHP",
            "keywords": [
                "language",
                "option",
                "php",
                "type"
            ],
            "support": {
                "issues": "https://github.com/schmittjoh/php-option/issues",
                "source": "https://github.com/schmittjoh/php-option/tree/1.8.1"
            },
            "funding": [
                {
                    "url": "https://github.com/GrahamCampbell",
                    "type": "github"
                },
                {
                    "url": "https://tidelift.com/funding/github/packagist/phpoption/phpoption",
                    "type": "tidelift"
                }
            ],
            "time": "2021-12-04T23:24:31+00:00"
        },
        {
            "name": "roots/wp-password-bcrypt",
            "version": "1.1.0",
            "source": {
                "type": "git",
                "url": "https://github.com/roots/wp-password-bcrypt.git",
                "reference": "15f0d8919fb3731f79a0cf2fb47e1baecb86cb26"
            },
            "dist": {
                "type": "zip",
                "url": "https://api.github.com/repos/roots/wp-password-bcrypt/zipball/15f0d8919fb3731f79a0cf2fb47e1baecb86cb26",
                "reference": "15f0d8919fb3731f79a0cf2fb47e1baecb86cb26",
                "shasum": ""
            },
            "require": {
                "php": ">=5.6.0"
            },
            "require-dev": {
                "brain/monkey": "^2.6",
                "dealerdirect/phpcodesniffer-composer-installer": "^0.7.0",
                "mockery/mockery": "^1.4",
                "phpcompatibility/php-compatibility": "^9.3",
                "phpunit/phpunit": "<= 9.3",
                "squizlabs/php_codesniffer": "^3.5"
            },
            "type": "library",
            "autoload": {
                "files": [
                    "wp-password-bcrypt.php"
                ]
            },
            "notification-url": "https://packagist.org/downloads/",
            "license": [
                "MIT"
            ],
            "authors": [
                {
                    "name": "Scott Walkinshaw",
                    "email": "scott.walkinshaw@gmail.com",
                    "homepage": "https://github.com/swalkinshaw"
                },
                {
                    "name": "QWp6t",
                    "homepage": "https://github.com/qwp6t"
                },
                {
                    "name": "Brandon Nifong",
                    "homepage": "https://github.com/log1x"
                },
                {
                    "name": "Jan Pingel",
                    "email": "jpingel@bitpiston.com",
                    "homepage": "http://janpingel.com"
                }
            ],
            "description": "WordPress plugin which replaces wp_hash_password and wp_check_password's phpass hasher with PHP 5.5's password_hash and password_verify using bcrypt.",
            "homepage": "https://roots.io/plugins/wp-password-bcrypt",
            "keywords": [
                "bcrypt",
                "passwords",
                "wordpress"
            ],
            "support": {
                "forum": "https://discourse.roots.io/",
                "issues": "https://github.com/roots/wp-password-bcrypt/issues",
                "source": "https://github.com/roots/wp-password-bcrypt/tree/1.1.0"
            },
            "funding": [
                {
                    "url": "https://github.com/roots",
                    "type": "github"
                },
                {
                    "url": "https://www.patreon.com/rootsdev",
                    "type": "patreon"
                }
            ],
            "time": "2021-10-31T01:18:58+00:00"
        },
        {
            "name": "symfony/polyfill-ctype",
            "version": "v1.24.0",
            "source": {
                "type": "git",
                "url": "https://github.com/symfony/polyfill-ctype.git",
                "reference": "30885182c981ab175d4d034db0f6f469898070ab"
            },
            "dist": {
                "type": "zip",
                "url": "https://api.github.com/repos/symfony/polyfill-ctype/zipball/30885182c981ab175d4d034db0f6f469898070ab",
                "reference": "30885182c981ab175d4d034db0f6f469898070ab",
                "shasum": ""
            },
            "require": {
                "php": ">=7.1"
            },
            "provide": {
                "ext-ctype": "*"
            },
            "suggest": {
                "ext-ctype": "For best performance"
            },
            "type": "library",
            "extra": {
                "branch-alias": {
                    "dev-main": "1.23-dev"
                },
                "thanks": {
                    "name": "symfony/polyfill",
                    "url": "https://github.com/symfony/polyfill"
                }
            },
            "autoload": {
                "psr-4": {
                    "Symfony\\Polyfill\\Ctype\\": ""
                },
                "files": [
                    "bootstrap.php"
                ]
            },
            "notification-url": "https://packagist.org/downloads/",
            "license": [
                "MIT"
            ],
            "authors": [
                {
                    "name": "Gert de Pagter",
                    "email": "BackEndTea@gmail.com"
                },
                {
                    "name": "Symfony Community",
                    "homepage": "https://symfony.com/contributors"
                }
            ],
            "description": "Symfony polyfill for ctype functions",
            "homepage": "https://symfony.com",
            "keywords": [
                "compatibility",
                "ctype",
                "polyfill",
                "portable"
            ],
            "support": {
                "source": "https://github.com/symfony/polyfill-ctype/tree/v1.24.0"
            },
            "funding": [
                {
                    "url": "https://symfony.com/sponsor",
                    "type": "custom"
                },
                {
                    "url": "https://github.com/fabpot",
                    "type": "github"
                },
                {
                    "url": "https://tidelift.com/funding/github/packagist/symfony/symfony",
                    "type": "tidelift"
                }
            ],
            "time": "2021-10-20T20:35:02+00:00"
        },
        {
            "name": "symfony/polyfill-mbstring",
            "version": "v1.24.0",
            "source": {
                "type": "git",
                "url": "https://github.com/symfony/polyfill-mbstring.git",
                "reference": "0abb51d2f102e00a4eefcf46ba7fec406d245825"
            },
            "dist": {
                "type": "zip",
                "url": "https://api.github.com/repos/symfony/polyfill-mbstring/zipball/0abb51d2f102e00a4eefcf46ba7fec406d245825",
                "reference": "0abb51d2f102e00a4eefcf46ba7fec406d245825",
                "shasum": ""
            },
            "require": {
                "php": ">=7.1"
            },
            "provide": {
                "ext-mbstring": "*"
            },
            "suggest": {
                "ext-mbstring": "For best performance"
            },
            "type": "library",
            "extra": {
                "branch-alias": {
                    "dev-main": "1.23-dev"
                },
                "thanks": {
                    "name": "symfony/polyfill",
                    "url": "https://github.com/symfony/polyfill"
                }
            },
            "autoload": {
                "psr-4": {
                    "Symfony\\Polyfill\\Mbstring\\": ""
                },
                "files": [
                    "bootstrap.php"
                ]
            },
            "notification-url": "https://packagist.org/downloads/",
            "license": [
                "MIT"
            ],
            "authors": [
                {
                    "name": "Nicolas Grekas",
                    "email": "p@tchwork.com"
                },
                {
                    "name": "Symfony Community",
                    "homepage": "https://symfony.com/contributors"
                }
            ],
            "description": "Symfony polyfill for the Mbstring extension",
            "homepage": "https://symfony.com",
            "keywords": [
                "compatibility",
                "mbstring",
                "polyfill",
                "portable",
                "shim"
            ],
            "support": {
                "source": "https://github.com/symfony/polyfill-mbstring/tree/v1.24.0"
            },
            "funding": [
                {
                    "url": "https://symfony.com/sponsor",
                    "type": "custom"
                },
                {
                    "url": "https://github.com/fabpot",
                    "type": "github"
                },
                {
                    "url": "https://tidelift.com/funding/github/packagist/symfony/symfony",
                    "type": "tidelift"
                }
            ],
            "time": "2021-11-30T18:21:41+00:00"
        },
        {
            "name": "symfony/polyfill-php80",
            "version": "v1.24.0",
            "source": {
                "type": "git",
                "url": "https://github.com/symfony/polyfill-php80.git",
                "reference": "57b712b08eddb97c762a8caa32c84e037892d2e9"
            },
            "dist": {
                "type": "zip",
                "url": "https://api.github.com/repos/symfony/polyfill-php80/zipball/57b712b08eddb97c762a8caa32c84e037892d2e9",
                "reference": "57b712b08eddb97c762a8caa32c84e037892d2e9",
                "shasum": ""
            },
            "require": {
                "php": ">=7.1"
            },
            "type": "library",
            "extra": {
                "branch-alias": {
                    "dev-main": "1.23-dev"
                },
                "thanks": {
                    "name": "symfony/polyfill",
                    "url": "https://github.com/symfony/polyfill"
                }
            },
            "autoload": {
                "psr-4": {
                    "Symfony\\Polyfill\\Php80\\": ""
                },
                "files": [
                    "bootstrap.php"
                ],
                "classmap": [
                    "Resources/stubs"
                ]
            },
            "notification-url": "https://packagist.org/downloads/",
            "license": [
                "MIT"
            ],
            "authors": [
                {
                    "name": "Ion Bazan",
                    "email": "ion.bazan@gmail.com"
                },
                {
                    "name": "Nicolas Grekas",
                    "email": "p@tchwork.com"
                },
                {
                    "name": "Symfony Community",
                    "homepage": "https://symfony.com/contributors"
                }
            ],
            "description": "Symfony polyfill backporting some PHP 8.0+ features to lower PHP versions",
            "homepage": "https://symfony.com",
            "keywords": [
                "compatibility",
                "polyfill",
                "portable",
                "shim"
            ],
            "support": {
                "source": "https://github.com/symfony/polyfill-php80/tree/v1.24.0"
            },
            "funding": [
                {
                    "url": "https://symfony.com/sponsor",
                    "type": "custom"
                },
                {
                    "url": "https://github.com/fabpot",
                    "type": "github"
                },
                {
                    "url": "https://tidelift.com/funding/github/packagist/symfony/symfony",
                    "type": "tidelift"
                }
            ],
            "time": "2021-09-13T13:58:33+00:00"
        },
        {
            "name": "vlucas/phpdotenv",
            "version": "v5.4.1",
            "source": {
                "type": "git",
                "url": "https://github.com/vlucas/phpdotenv.git",
                "reference": "264dce589e7ce37a7ba99cb901eed8249fbec92f"
            },
            "dist": {
                "type": "zip",
                "url": "https://api.github.com/repos/vlucas/phpdotenv/zipball/264dce589e7ce37a7ba99cb901eed8249fbec92f",
                "reference": "264dce589e7ce37a7ba99cb901eed8249fbec92f",
                "shasum": ""
            },
            "require": {
                "ext-pcre": "*",
                "graham-campbell/result-type": "^1.0.2",
                "php": "^7.1.3 || ^8.0",
                "phpoption/phpoption": "^1.8",
                "symfony/polyfill-ctype": "^1.23",
                "symfony/polyfill-mbstring": "^1.23.1",
                "symfony/polyfill-php80": "^1.23.1"
            },
            "require-dev": {
                "bamarni/composer-bin-plugin": "^1.4.1",
                "ext-filter": "*",
                "phpunit/phpunit": "^7.5.20 || ^8.5.21 || ^9.5.10"
            },
            "suggest": {
                "ext-filter": "Required to use the boolean validator."
            },
            "type": "library",
            "extra": {
                "branch-alias": {
                    "dev-master": "5.4-dev"
                }
            },
            "autoload": {
                "psr-4": {
                    "Dotenv\\": "src/"
                }
            },
            "notification-url": "https://packagist.org/downloads/",
            "license": [
                "BSD-3-Clause"
            ],
            "authors": [
                {
                    "name": "Graham Campbell",
                    "email": "hello@gjcampbell.co.uk",
                    "homepage": "https://github.com/GrahamCampbell"
                },
                {
                    "name": "Vance Lucas",
                    "email": "vance@vancelucas.com",
                    "homepage": "https://github.com/vlucas"
                }
            ],
            "description": "Loads environment variables from `.env` to `getenv()`, `$_ENV` and `$_SERVER` automagically.",
            "keywords": [
                "dotenv",
                "env",
                "environment"
            ],
            "support": {
                "issues": "https://github.com/vlucas/phpdotenv/issues",
                "source": "https://github.com/vlucas/phpdotenv/tree/v5.4.1"
            },
            "funding": [
                {
                    "url": "https://github.com/GrahamCampbell",
                    "type": "github"
                },
                {
                    "url": "https://tidelift.com/funding/github/packagist/vlucas/phpdotenv",
                    "type": "tidelift"
                }
            ],
            "time": "2021-12-12T23:22:04+00:00"
        },
        {
            "name": "wpackagist-plugin/timber-library",
            "version": "1.19.1",
            "source": {
                "type": "svn",
                "url": "https://plugins.svn.wordpress.org/timber-library/",
                "reference": "tags/1.19.1"
            },
            "dist": {
                "type": "zip",
                "url": "https://downloads.wordpress.org/plugin/timber-library.1.19.1.zip"
            },
            "require": {
                "composer/installers": "^1.0 || ^2.0"
            },
            "type": "wordpress-plugin",
            "homepage": "https://wordpress.org/plugins/timber-library/"
        }
    ],
    "packages-dev": [
        {
            "name": "wpackagist-plugin/query-monitor",
            "version": "3.8.2",
            "source": {
                "type": "svn",
                "url": "https://plugins.svn.wordpress.org/query-monitor/",
                "reference": "tags/3.8.2"
            },
            "dist": {
                "type": "zip",
                "url": "https://downloads.wordpress.org/plugin/query-monitor.3.8.2.zip"
            },
            "require": {
                "composer/installers": "^1.0 || ^2.0"
            },
            "type": "wordpress-plugin",
            "homepage": "https://wordpress.org/plugins/query-monitor/"
        }
    ],
    "aliases": [],
    "minimum-stability": "stable",
    "stability-flags": [],
    "prefer-stable": false,
    "prefer-lowest": false,
    "platform": {
        "php": "^7.3"
    },
    "platform-dev": [],
    "plugin-api-version": "2.2.0"
}
